github.com/google/uuid v1.1.2 h1:EVhdT+1Kseyi1/pUmXKaFxYsDNy9RQYkMWRH68J/W7Y=
github.com/google/uuid v1.1.2/go.mod h1:TIyPZe4MgqvfeYDBFedMoGGpEw/LqOeaOT+nhxU+yHo=
github.com/matoous/go-nanoid v1.5.0 h1:VRorl6uCngneC4oUQqOYtO3S0H5QKFtKuKycFG3euek=
github.com/matoous/go-nanoid v1.5.0/go.mod h1:zyD2a71IubI24efhpvkJz+ZwfwagzgSO6UNiFsZKN7U=
github.com/neutrinocorp/ddderr v0.0.0-20201109075247-2521e3e57725 h1:vKyps2QUf7rsWoi+nlIkiPWnsflFUHgi/87G4w91BWw=
github.com/neutrinocorp/ddderr v0.0.0-20201109075247-2521e3e57725/go.mod h1:ML94ZmBEuRf4U6gybLQrzv2Zle+8C6z9F1L9mVZhBJs=
